
Microsoft Visual Studio Solution File, Format Version 12.00
# Visual Studio Version 17
VisualStudioVersion = 17.14.36203.30 d17.14
MinimumVisualStudioVersion = 10.0.40219.1
Project("{FAE04EC0-301F-11D3-BF4B-00C04F79EFBC}") = "UmfrageApp", "UmfrageApp\UmfrageApp.csproj", "{EC626EFA-FBBE-4878-B3D6-1472EBBB1111}"
EndProject
Global
	GlobalSection(SolutionConfigurationPlatforms) = preSolution
		Debug|Any CPU = Debug|Any CPU
		Release|Any CPU = Release|Any CPU
	EndGlobalSection
	GlobalSection(ProjectConfigurationPlatforms) = postSolution
		{EC626EFA-FBBE-4878-B3D6-1472EBBB1111}.Debug|Any CPU.ActiveCfg = Debug|Any CPU
		{EC626EFA-FBBE-4878-B3D6-1472EBBB1111}.Debug|Any CPU.Build.0 = Debug|Any CPU
		{EC626EFA-FBBE-4878-B3D6-1472EBBB1111}.Release|Any CPU.ActiveCfg = Release|Any CPU
		{EC626EFA-FBBE-4878-B3D6-1472EBBB1111}.Release|Any CPU.Build.0 = Release|Any CPU
	EndGlobalSection
	GlobalSection(SolutionProperties) = preSolution
		HideSolutionNode = FALSE
	EndGlobalSection
	GlobalSection(ExtensibilityGlobals) = postSolution
		SolutionGuid = {61291EEF-EC6D-41F2-BF58-6C51DB92C359}
	EndGlobalSection
EndGlobal
