
Microsoft Visual Studio Solution File, Format Version 12.00
# Visual Studio Version 17
VisualStudioVersion = 17.14.36203.30 d17.14
MinimumVisualStudioVersion = 10.0.40219.1
Project("{FAE04EC0-301F-11D3-BF4B-00C04F79EFBC}") = "MessengerApp", "MessengerApp\MessengerApp.csproj", "{D469FD8F-E561-4295-9FF3-E29AB215144E}"
EndProject
Global
	GlobalSection(SolutionConfigurationPlatforms) = preSolution
		Debug|Any CPU = Debug|Any CPU
		Release|Any CPU = Release|Any CPU
	EndGlobalSection
	GlobalSection(ProjectConfigurationPlatforms) = postSolution
		{D469FD8F-E561-4295-9FF3-E29AB215144E}.Debug|Any CPU.ActiveCfg = Debug|Any CPU
		{D469FD8F-E561-4295-9FF3-E29AB215144E}.Debug|Any CPU.Build.0 = Debug|Any CPU
		{D469FD8F-E561-4295-9FF3-E29AB215144E}.Release|Any CPU.ActiveCfg = Release|Any CPU
		{D469FD8F-E561-4295-9FF3-E29AB215144E}.Release|Any CPU.Build.0 = Release|Any CPU
	EndGlobalSection
	GlobalSection(SolutionProperties) = preSolution
		HideSolutionNode = FALSE
	EndGlobalSection
	GlobalSection(ExtensibilityGlobals) = postSolution
		SolutionGuid = {5A0BBAC2-F8D5-49A3-A817-57E8E2A9861E}
	EndGlobalSection
EndGlobal
